{
    "name": "BudgetPlanner",
    "lockfileVersion": 2,
    "requires": true,
    "packages": {
        "": {
            "dependencies": {
                "uglify-js": "^3.12.5",
                "uglifycss": "^0.0.29"
            }
        },
        "node_modules/uglify-js": {
            "version": "3.12.5",
            "resolved": "https://registry.npmjs.org/uglify-js/-/uglify-js-3.12.5.tgz",
            "integrity": "sha512-SgpgScL4T7Hj/w/GexjnBHi3Ien9WS1Rpfg5y91WXMj9SY997ZCQU76mH4TpLwwfmMvoOU8wiaRkIf6NaH3mtg==",
            "bin": {
                "uglifyjs": "bin/uglifyjs"
            },
            "engines": {
                "node": ">=0.8.0"
            }
        },
        "node_modules/uglifycss": {
            "version": "0.0.29",
            "resolved": "https://registry.npmjs.org/uglifycss/-/uglifycss-0.0.29.tgz",
            "integrity": "sha512-J2SQ2QLjiknNGbNdScaNZsXgmMGI0kYNrXaDlr4obnPW9ni1jljb1NeEVWAiTgZ8z+EBWP2ozfT9vpy03rjlMQ==",
            "bin": {
                "uglifycss": "uglifycss"
            },
            "engines": {
                "node": ">=6.4.0"
            }
        }
    },
    "dependencies": {
        "uglify-js": {
            "version": "3.12.5",
            "resolved": "https://registry.npmjs.org/uglify-js/-/uglify-js-3.12.5.tgz",
            "integrity": "sha512-SgpgScL4T7Hj/w/GexjnBHi3Ien9WS1Rpfg5y91WXMj9SY997ZCQU76mH4TpLwwfmMvoOU8wiaRkIf6NaH3mtg=="
        },
        "uglifycss": {
            "version": "0.0.29",
            "resolved": "https://registry.npmjs.org/uglifycss/-/uglifycss-0.0.29.tgz",
            "integrity": "sha512-J2SQ2QLjiknNGbNdScaNZsXgmMGI0kYNrXaDlr4obnPW9ni1jljb1NeEVWAiTgZ8z+EBWP2ozfT9vpy03rjlMQ=="
        }
    }
}
